PODS:
  - AWSAuthCore (2.31.0):
    - AWSCore (= 2.31.0)
  - AWSCognitoIdentityProvider (2.31.0):
    - AWSCognitoIdentityProviderASF (= 2.31.0)
    - AWSCore (= 2.31.0)
  - AWSCognitoIdentityProviderASF (2.31.0):
    - AWSCore (= 2.31.0)
  - AWSCore (2.31.0)
  - AWSKinesisVideo (2.31.0):
    - AWSCore (= 2.31.0)
  - AWSKinesisVideoSignaling (2.31.0):
    - AWSCore (= 2.31.0)
  - AWSMobileClient (2.31.0):
    - AWSAuthCore (= 2.31.0)
    - AWSCognitoIdentityProvider (= 2.31.0)
    - AWSCognitoIdentityProviderASF (= 2.31.0)
    - AWSCore (= 2.31.0)
  - CommonCryptoModule (1.0.2)
  - GoogleWebRTC (1.1.32000)
  - Starscream (3.1.1)

DEPENDENCIES:
  - AWSCognitoIdentityProvider
  - AWSKinesisVideo
  - AWSKinesisVideoSignaling
  - AWSMobileClient
  - CommonCryptoModule
  - GoogleWebRTC (~> 1.1)
  - Starscream (~> 3.0)

SPEC REPOS:
  trunk:
    - AWSAuthCore
    - AWSCognitoIdentityProvider
    - AWSCognitoIdentityProviderASF
    - AWSCore
    - AWSKinesisVideo
    - AWSKinesisVideoSignaling
    - AWSMobileClient
    - CommonCryptoModule
    - GoogleWebRTC
    - Starscream

SPEC CHECKSUMS:
  AWSAuthCore: 889db67d5c6a5325c4314ad7f689ccc3841da530
  AWSCognitoIdentityProvider: 41f2f1c2bd0ca188ec6869003bbd1fa4a6bfb0c7
  AWSCognitoIdentityProviderASF: e48fb68d9aa42f9bc5f095c6db0e1d519b006ce1
  AWSCore: 7db143a63c31d330c58b390d3e1bb0b795ee213d
  AWSKinesisVideo: b9be2b5470c7d82ce37a4adb390b17ddd457fe78
  AWSKinesisVideoSignaling: e02b27f79c43bba25e9b10a74e65042898132c26
  AWSMobileClient: 4c1db471a0473a1f0c3559ffd25100479c402780
  CommonCryptoModule: 63a68b57abed79655b3a01011419bf037a05b0a0
  GoogleWebRTC: 4d261187b30512efdb711d21fa961a6adf138717
  Starscream: 4bb2f9942274833f7b4d296a55504dcfc7edb7b0

PODFILE CHECKSUM: 9824f0f632aed59184e630a7f7169dcbe44a91ce

COCOAPODS: 1.12.1
