// !$*UTF8*$!
{
	archiveVersion = 1;
	classes = {
	};
	objectVersion = 46;
	objects = {

/* Begin PBXBuildFile section */
		17FC2F801E258FC500174015 /* AppDelegate.swift in Sources */ = {isa = PBXBuildFile; fileRef = 17FC2F7F1E258FC500174015 /* AppDelegate.swift */; };
		17FC2F871E258FC500174015 /* Assets.xcassets in Resources */ = {isa = PBXBuildFile; fileRef = 17FC2F861E258FC500174015 /* Assets.xcassets */; };
		17FC2F921E25908D00174015 /* CognitoLogo.png in Resources */ = {isa = PBXBuildFile; fileRef = 17FC2F911E25908D00174015 /* CognitoLogo.png */; };
		17FC2F951E2590D800174015 /* MFAViewController.xib in Resources */ = {isa = PBXBuildFile; fileRef = 17FC2F941E2590D800174015 /* MFAViewController.xib */; };
		17FC2F971E25928900174015 /* MFAViewController.swift in Sources */ = {isa = PBXBuildFile; fileRef = 17FC2F961E25928900174015 /* MFAViewController.swift */; };
		17FC2F991E25940900174015 /* SignInViewController.swift in Sources */ = {isa = PBXBuildFile; fileRef = 17FC2F981E25940900174015 /* SignInViewController.swift */; };
		17FC2F9B1E259E0500174015 /* Constants.swift in Sources */ = {isa = PBXBuildFile; fileRef = 17FC2F9A1E259E0500174015 /* Constants.swift */; };
		17FC2F9D1E259E5D00174015 /* SignUpViewController.swift in Sources */ = {isa = PBXBuildFile; fileRef = 17FC2F9C1E259E5D00174015 /* SignUpViewController.swift */; };
		17FC2F9F1E259F3200174015 /* ConfirmSignUpViewController.swift in Sources */ = {isa = PBXBuildFile; fileRef = 17FC2F9E1E259F3200174015 /* ConfirmSignUpViewController.swift */; };
		17FC2FA11E25A25900174015 /* ForgotPasswordViewController.swift in Sources */ = {isa = PBXBuildFile; fileRef = 17FC2FA01E25A25900174015 /* ForgotPasswordViewController.swift */; };
		17FC2FA31E25A5D000174015 /* ConfirmForgotPasswordViewController.swift in Sources */ = {isa = PBXBuildFile; fileRef = 17FC2FA21E25A5D000174015 /* ConfirmForgotPasswordViewController.swift */; };
		700199A8234FD06F00CFC1D0 /* Main.storyboard in Resources */ = {isa = PBXBuildFile; fileRef = 700199A7234FD06F00CFC1D0 /* Main.storyboard */; };
		70685CD0234FD66900D0562F /* ChannelConfigurationViewController.swift in Sources */ = {isa = PBXBuildFile; fileRef = 70685CCF234FD66900D0562F /* ChannelConfigurationViewController.swift */; };
		70685CD2234FED1800D0562F /* awsconfiguration.json in Resources */ = {isa = PBXBuildFile; fileRef = 70685CD1234FED1600D0562F /* awsconfiguration.json */; };
		708DC16E23550D4D00D7B98F /* LaunchScreen.storyboard in Resources */ = {isa = PBXBuildFile; fileRef = 708DC16D23550D4D00D7B98F /* LaunchScreen.storyboard */; };
		708FE977234CFBF800AD81DC /* kinesisLogo.png in Resources */ = {isa = PBXBuildFile; fileRef = 708FE976234CFBF800AD81DC /* kinesisLogo.png */; };
		709A549923624DED0039332B /* VideoViewController.xib in Resources */ = {isa = PBXBuildFile; fileRef = 709A549823624DED0039332B /* VideoViewController.xib */; };
		70B6B7E6235654BD006F9118 /* KVSSigner.swift in Sources */ = {isa = PBXBuildFile; fileRef = 70B6B7E5235654BD006F9118 /* KVSSigner.swift */; };
		70BE466F235F800B00322E33 /* Message.swift in Sources */ = {isa = PBXBuildFile; fileRef = 70BE466C235F800B00322E33 /* Message.swift */; };
		70BE4670235F800B00322E33 /* SignalingClient.swift in Sources */ = {isa = PBXBuildFile; fileRef = 70BE466D235F800B00322E33 /* SignalingClient.swift */; };
		70BE4671235F800B00322E33 /* Event.swift in Sources */ = {isa = PBXBuildFile; fileRef = 70BE466E235F800B00322E33 /* Event.swift */; };
		70BE46732360E58600322E33 /* VideoViewController.swift in Sources */ = {isa = PBXBuildFile; fileRef = 70BE46722360E58600322E33 /* VideoViewController.swift */; };
		70BE46752360FC2F00322E33 /* WebRTCClient.swift in Sources */ = {isa = PBXBuildFile; fileRef = 70BE46742360FC2F00322E33 /* WebRTCClient.swift */; };
		70CD1C1323725498008FB48E /* AWSKinesisVideo.framework in Embed Frameworks */ = {isa = PBXBuildFile; fileRef = 70CD1C0F23725487008FB48E /* AWSKinesisVideo.framework */; settings = {ATTRIBUTES = (CodeSignOnCopy, RemoveHeadersOnCopy, ); }; };
		7A481B9B796BF7B28CD5D2AC /* Pods_KVSiOSApp.framework in Frameworks */ = {isa = PBXBuildFile; fileRef = 10878E40BF22A028FBC4847C /* Pods_KVSiOSApp.framework */; };
/* End PBXBuildFile section */

/* Begin PBXCopyFilesBuildPhase section */
		7055FBD3234E5832008561A1 /* Embed Frameworks */ = {
			isa = PBXCopyFilesBuildPhase;
			buildActionMask = 12;
			dstPath = "";
			dstSubfolderSpec = 10;
			files = (
				70CD1C1323725498008FB48E /* AWSKinesisVideo.framework in Embed Frameworks */,
			);
			name = "Embed Frameworks";
			runOnlyForDeploymentPostprocessing = 0;
		};
/* End PBXCopyFilesBuildPhase section */

/* Begin PBXFileReference section */
		10878E40BF22A028FBC4847C /* Pods_KVSiOSApp.framework */ = {isa = PBXFileReference; explicitFileType = wrapper.framework; includeInIndex = 0; path = Pods_KVSiOSApp.framework; sourceTree = BUILT_PRODUCTS_DIR; };
		17FC2F7C1E258FC500174015 /* AWSKinesisVideoWebRTCDemoApp.app */ = {isa = PBXFileReference; explicitFileType = wrapper.application; includeInIndex = 0; path = AWSKinesisVideoWebRTCDemoApp.app; sourceTree = BUILT_PRODUCTS_DIR; };
		17FC2F7F1E258FC500174015 /* AppDelegate.swift */ = {isa = PBXFileReference; lastKnownFileType = sourcecode.swift; path = AppDelegate.swift; sourceTree = "<group>"; };
		17FC2F861E258FC500174015 /* Assets.xcassets */ = {isa = PBXFileReference; lastKnownFileType = folder.assetcatalog; path = Assets.xcassets; sourceTree = "<group>"; };
		17FC2F8B1E258FC500174015 /* Info.plist */ = {isa = PBXFileReference; lastKnownFileType = text.plist.xml; path = Info.plist; sourceTree = "<group>"; };
		17FC2F911E25908D00174015 /* CognitoLogo.png */ = {isa = PBXFileReference; lastKnownFileType = image.png; path = CognitoLogo.png; sourceTree = "<group>"; };
		17FC2F941E2590D800174015 /* MFAViewController.xib */ = {isa = PBXFileReference; fileEncoding = 4; lastKnownFileType = file.xib; path = MFAViewController.xib; sourceTree = "<group>"; };
		17FC2F961E25928900174015 /* MFAViewController.swift */ = {isa = PBXFileReference; fileEncoding = 4; lastKnownFileType = sourcecode.swift; path = MFAViewController.swift; sourceTree = "<group>"; };
		17FC2F981E25940900174015 /* SignInViewController.swift */ = {isa = PBXFileReference; fileEncoding = 4; lastKnownFileType = sourcecode.swift; path = SignInViewController.swift; sourceTree = "<group>"; };
		17FC2F9A1E259E0500174015 /* Constants.swift */ = {isa = PBXFileReference; fileEncoding = 4; lastKnownFileType = sourcecode.swift; path = Constants.swift; sourceTree = "<group>"; };
		17FC2F9C1E259E5D00174015 /* SignUpViewController.swift */ = {isa = PBXFileReference; fileEncoding = 4; lastKnownFileType = sourcecode.swift; path = SignUpViewController.swift; sourceTree = "<group>"; };
		17FC2F9E1E259F3200174015 /* ConfirmSignUpViewController.swift */ = {isa = PBXFileReference; fileEncoding = 4; lastKnownFileType = sourcecode.swift; path = ConfirmSignUpViewController.swift; sourceTree = "<group>"; };
		17FC2FA01E25A25900174015 /* ForgotPasswordViewController.swift */ = {isa = PBXFileReference; fileEncoding = 4; lastKnownFileType = sourcecode.swift; path = ForgotPasswordViewController.swift; sourceTree = "<group>"; };
		17FC2FA21E25A5D000174015 /* ConfirmForgotPasswordViewController.swift */ = {isa = PBXFileReference; fileEncoding = 4; lastKnownFileType = sourcecode.swift; path = ConfirmForgotPasswordViewController.swift; sourceTree = "<group>"; };
		1CA32A4747C6354FEB1E791C /* Pods-KVSiOSApp.release.xcconfig */ = {isa = PBXFileReference; includeInIndex = 1; lastKnownFileType = text.xcconfig; name = "Pods-KVSiOSApp.release.xcconfig"; path = "Target Support Files/Pods-KVSiOSApp/Pods-KVSiOSApp.release.xcconfig"; sourceTree = "<group>"; };
		5CEDD78F91254EA3F16DD0B6 /* Pods-KVSiOSApp.debug.xcconfig */ = {isa = PBXFileReference; includeInIndex = 1; lastKnownFileType = text.xcconfig; name = "Pods-KVSiOSApp.debug.xcconfig"; path = "Target Support Files/Pods-KVSiOSApp/Pods-KVSiOSApp.debug.xcconfig"; sourceTree = "<group>"; };
		700199A7234FD06F00CFC1D0 /* Main.storyboard */ = {isa = PBXFileReference; fileEncoding = 4; lastKnownFileType = file.storyboard; path = Main.storyboard; sourceTree = "<group>"; };
		70685CCF234FD66900D0562F /* ChannelConfigurationViewController.swift */ = {isa = PBXFileReference; lastKnownFileType = sourcecode.swift; path = ChannelConfigurationViewController.swift; sourceTree = "<group>"; };
		70685CD1234FED1600D0562F /* awsconfiguration.json */ = {isa = PBXFileReference; fileEncoding = 4; lastKnownFileType = text.json; path = awsconfiguration.json; sourceTree = "<group>"; };
		708DC16D23550D4D00D7B98F /* LaunchScreen.storyboard */ = {isa = PBXFileReference; fileEncoding = 4; lastKnownFileType = file.storyboard; path = LaunchScreen.storyboard; sourceTree = "<group>"; };
		708FE976234CFBF800AD81DC /* kinesisLogo.png */ = {isa = PBXFileReference; lastKnownFileType = image.png; path = kinesisLogo.png; sourceTree = "<group>"; };
		709A549823624DED0039332B /* VideoViewController.xib */ = {isa = PBXFileReference; fileEncoding = 4; lastKnownFileType = file.xib; path = VideoViewController.xib; sourceTree = "<group>"; };
		70B6B7E5235654BD006F9118 /* KVSSigner.swift */ = {isa = PBXFileReference; lastKnownFileType = sourcecode.swift; path = KVSSigner.swift; sourceTree = "<group>"; };
		70BE466C235F800B00322E33 /* Message.swift */ = {isa = PBXFileReference; fileEncoding = 4; lastKnownFileType = sourcecode.swift; path = Message.swift; sourceTree = "<group>"; };
		70BE466D235F800B00322E33 /* SignalingClient.swift */ = {isa = PBXFileReference; fileEncoding = 4; lastKnownFileType = sourcecode.swift; path = SignalingClient.swift; sourceTree = "<group>"; };
		70BE466E235F800B00322E33 /* Event.swift */ = {isa = PBXFileReference; fileEncoding = 4; lastKnownFileType = sourcecode.swift; path = Event.swift; sourceTree = "<group>"; };
		70BE46722360E58600322E33 /* VideoViewController.swift */ = {isa = PBXFileReference; lastKnownFileType = sourcecode.swift; path = VideoViewController.swift; sourceTree = "<group>"; };
		70BE46742360FC2F00322E33 /* WebRTCClient.swift */ = {isa = PBXFileReference; lastKnownFileType = sourcecode.swift; path = WebRTCClient.swift; sourceTree = "<group>"; };
		70CD1C0F23725487008FB48E /* AWSKinesisVideo.framework */ = {isa = PBXFileReference; lastKnownFileType = wrapper.framework; path = AWSKinesisVideo.framework; sourceTree = "<group>"; };
		70CD1C2723734F81008FB48E /* AWSCore.framework */ = {isa = PBXFileReference; lastKnownFileType = wrapper.framework; path = AWSCore.framework; sourceTree = "<group>"; };
/* End PBXFileReference section */

/* Begin PBXFrameworksBuildPhase section */
		17FC2F791E258FC500174015 /* Frameworks */ = {
			isa = PBXFrameworksBuildPhase;
			buildActionMask = 2147483647;
			files = (
				7A481B9B796BF7B28CD5D2AC /* Pods_KVSiOSApp.framework in Frameworks */,
			);
			runOnlyForDeploymentPostprocessing = 0;
		};
/* End PBXFrameworksBuildPhase section */

/* Begin PBXGroup section */
		17FC2F731E258FC500174015 = {
			isa = PBXGroup;
			children = (
				17FC2F7E1E258FC500174015 /* KVSiOSApp */,
				17FC2F7D1E258FC500174015 /* Products */,
				2B50A37AC16AACF9427C4F0F /* Frameworks */,
				DB54CCD6EE8C4AEBE36F7082 /* Pods */,
			);
			sourceTree = "<group>";
		};
		17FC2F7D1E258FC500174015 /* Products */ = {
			isa = PBXGroup;
			children = (
				17FC2F7C1E258FC500174015 /* AWSKinesisVideoWebRTCDemoApp.app */,
			);
			name = Products;
			sourceTree = "<group>";
		};
		17FC2F7E1E258FC500174015 /* KVSiOSApp */ = {
			isa = PBXGroup;
			children = (
				709A549823624DED0039332B /* VideoViewController.xib */,
				70BE466E235F800B00322E33 /* Event.swift */,
				70BE466C235F800B00322E33 /* Message.swift */,
				70BE466D235F800B00322E33 /* SignalingClient.swift */,
				70685CD1234FED1600D0562F /* awsconfiguration.json */,
				17FC2F941E2590D800174015 /* MFAViewController.xib */,
				70BE46742360FC2F00322E33 /* WebRTCClient.swift */,
				17FC2F7F1E258FC500174015 /* AppDelegate.swift */,
				17FC2F861E258FC500174015 /* Assets.xcassets */,
				17FC2F8B1E258FC500174015 /* Info.plist */,
				17FC2F931E25909300174015 /* Supporting Files */,
				17FC2F961E25928900174015 /* MFAViewController.swift */,
				708DC16D23550D4D00D7B98F /* LaunchScreen.storyboard */,
				700199A7234FD06F00CFC1D0 /* Main.storyboard */,
				17FC2F981E25940900174015 /* SignInViewController.swift */,
				17FC2F9A1E259E0500174015 /* Constants.swift */,
				17FC2F9C1E259E5D00174015 /* SignUpViewController.swift */,
				70685CCF234FD66900D0562F /* ChannelConfigurationViewController.swift */,
				70BE46722360E58600322E33 /* VideoViewController.swift */,
				17FC2F9E1E259F3200174015 /* ConfirmSignUpViewController.swift */,
				17FC2FA01E25A25900174015 /* ForgotPasswordViewController.swift */,
				17FC2FA21E25A5D000174015 /* ConfirmForgotPasswordViewController.swift */,
				70B6B7E5235654BD006F9118 /* KVSSigner.swift */,
			);
			path = KVSiOSApp;
			sourceTree = "<group>";
		};
		17FC2F931E25909300174015 /* Supporting Files */ = {
			isa = PBXGroup;
			children = (
				708FE976234CFBF800AD81DC /* kinesisLogo.png */,
				17FC2F911E25908D00174015 /* CognitoLogo.png */,
			);
			name = "Supporting Files";
			sourceTree = "<group>";
		};
		2B50A37AC16AACF9427C4F0F /* Frameworks */ = {
			isa = PBXGroup;
			children = (
				70CD1C2723734F81008FB48E /* AWSCore.framework */,
				70CD1C0F23725487008FB48E /* AWSKinesisVideo.framework */,
				10878E40BF22A028FBC4847C /* Pods_KVSiOSApp.framework */,
			);
			name = Frameworks;
			sourceTree = "<group>";
		};
		DB54CCD6EE8C4AEBE36F7082 /* Pods */ = {
			isa = PBXGroup;
			children = (
				5CEDD78F91254EA3F16DD0B6 /* Pods-KVSiOSApp.debug.xcconfig */,
				1CA32A4747C6354FEB1E791C /* Pods-KVSiOSApp.release.xcconfig */,
			);
			path = Pods;
			sourceTree = "<group>";
		};
/* End PBXGroup section */

/* Begin PBXNativeTarget section */
		17FC2F7B1E258FC500174015 /* AWSKinesisVideoWebRTCDemoApp */ = {
			isa = PBXNativeTarget;
			buildConfigurationList = 17FC2F8E1E258FC500174015 /* Build configuration list for PBXNativeTarget "AWSKinesisVideoWebRTCDemoApp" */;
			buildPhases = (
				EB1C7B906C132BD097A0E8F8 /* [CP] Check Pods Manifest.lock */,
				17FC2F781E258FC500174015 /* Sources */,
				17FC2F791E258FC500174015 /* Frameworks */,
				17FC2F7A1E258FC500174015 /* Resources */,
				7055FBD3234E5832008561A1 /* Embed Frameworks */,
				666622CDD52722D9C9751209 /* [CP] Embed Pods Frameworks */,
			);
			buildRules = (
			);
			dependencies = (
			);
			name = AWSKinesisVideoWebRTCDemoApp;
			productName = CognitoYourUserPoolsSample;
			productReference = 17FC2F7C1E258FC500174015 /* AWSKinesisVideoWebRTCDemoApp.app */;
			productType = "com.apple.product-type.application";
		};
/* End PBXNativeTarget section */

/* Begin PBXProject section */
		17FC2F741E258FC500174015 /* Project object */ = {
			isa = PBXProject;
			attributes = {
				LastSwiftUpdateCheck = 0730;
				LastUpgradeCheck = 1120;
				ORGANIZATIONNAME = "";
				TargetAttributes = {
					17FC2F7B1E258FC500174015 = {
						CreatedOnToolsVersion = 7.3.1;
						DevelopmentTeam = F468TZWNT7;
						LastSwiftMigration = 1020;
					};
				};
			};
			buildConfigurationList = 17FC2F771E258FC500174015 /* Build configuration list for PBXProject "AWSKinesisVideoWebRTCDemoApp" */;
			compatibilityVersion = "Xcode 3.2";
			developmentRegion = en;
			hasScannedForEncodings = 0;
			knownRegions = (
				en,
				Base,
			);
			mainGroup = 17FC2F731E258FC500174015;
			productRefGroup = 17FC2F7D1E258FC500174015 /* Products */;
			projectDirPath = "";
			projectRoot = "";
			targets = (
				17FC2F7B1E258FC500174015 /* AWSKinesisVideoWebRTCDemoApp */,
			);
		};
/* End PBXProject section */

/* Begin PBXResourcesBuildPhase section */
		17FC2F7A1E258FC500174015 /* Resources */ = {
			isa = PBXResourcesBuildPhase;
			buildActionMask = 2147483647;
			files = (
				700199A8234FD06F00CFC1D0 /* Main.storyboard in Resources */,
				708DC16E23550D4D00D7B98F /* LaunchScreen.storyboard in Resources */,
				70685CD2234FED1800D0562F /* awsconfiguration.json in Resources */,
				17FC2F871E258FC500174015 /* Assets.xcassets in Resources */,
				17FC2F921E25908D00174015 /* CognitoLogo.png in Resources */,
				708FE977234CFBF800AD81DC /* kinesisLogo.png in Resources */,
				709A549923624DED0039332B /* VideoViewController.xib in Resources */,
				17FC2F951E2590D800174015 /* MFAViewController.xib in Resources */,
			);
			runOnlyForDeploymentPostprocessing = 0;
		};
/* End PBXResourcesBuildPhase section */

/* Begin PBXShellScriptBuildPhase section */
		666622CDD52722D9C9751209 /* [CP] Embed Pods Frameworks */ = {
			isa = PBXShellScriptBuildPhase;
			buildActionMask = 2147483647;
			files = (
			);
			inputPaths = (
				"${PODS_ROOT}/Target Support Files/Pods-KVSiOSApp/Pods-KVSiOSApp-frameworks.sh",
				"${BUILT_PRODUCTS_DIR}/AWSAuthCore/AWSAuthCore.framework",
				"${BUILT_PRODUCTS_DIR}/AWSCognitoIdentityProvider/AWSCognitoIdentityProvider.framework",
				"${BUILT_PRODUCTS_DIR}/AWSCognitoIdentityProviderASF/AWSCognitoIdentityProviderASF.framework",
				"${BUILT_PRODUCTS_DIR}/AWSCore/AWSCore.framework",
				"${BUILT_PRODUCTS_DIR}/AWSMobileClient/AWSMobileClient.framework",
				"${BUILT_PRODUCTS_DIR}/CommonCryptoModule/CommonCryptoModule.framework",
				"${PODS_ROOT}/GoogleWebRTC/Frameworks/frameworks/WebRTC.framework",
				"${BUILT_PRODUCTS_DIR}/Starscream/Starscream.framework",
			);
			name = "[CP] Embed Pods Frameworks";
			outputPaths = (
				"${TARGET_BUILD_DIR}/${FRAMEWORKS_FOLDER_PATH}/AWSAuthCore.framework",
				"${TARGET_BUILD_DIR}/${FRAMEWORKS_FOLDER_PATH}/AWSCognitoIdentityProvider.framework",
				"${TARGET_BUILD_DIR}/${FRAMEWORKS_FOLDER_PATH}/AWSCognitoIdentityProviderASF.framework",
				"${TARGET_BUILD_DIR}/${FRAMEWORKS_FOLDER_PATH}/AWSCore.framework",
				"${TARGET_BUILD_DIR}/${FRAMEWORKS_FOLDER_PATH}/AWSMobileClient.framework",
				"${TARGET_BUILD_DIR}/${FRAMEWORKS_FOLDER_PATH}/CommonCryptoModule.framework",
				"${TARGET_BUILD_DIR}/${FRAMEWORKS_FOLDER_PATH}/WebRTC.framework",
				"${TARGET_BUILD_DIR}/${FRAMEWORKS_FOLDER_PATH}/Starscream.framework",
			);
			runOnlyForDeploymentPostprocessing = 0;
			shellPath = /bin/sh;
			shellScript = "\"${PODS_ROOT}/Target Support Files/Pods-KVSiOSApp/Pods-KVSiOSApp-frameworks.sh\"\n";
			showEnvVarsInLog = 0;
		};
		EB1C7B906C132BD097A0E8F8 /* [CP] Check Pods Manifest.lock */ = {
			isa = PBXShellScriptBuildPhase;
			buildActionMask = 2147483647;
			files = (
			);
			inputFileListPaths = (
			);
			inputPaths = (
				"${PODS_PODFILE_DIR_PATH}/Podfile.lock",
				"${PODS_ROOT}/Manifest.lock",
			);
			name = "[CP] Check Pods Manifest.lock";
			outputFileListPaths = (
			);
			outputPaths = (
				"$(DERIVED_FILE_DIR)/Pods-KVSiOSApp-checkManifestLockResult.txt",
			);
			runOnlyForDeploymentPostprocessing = 0;
			shellPath = /bin/sh;
			shellScript = "diff \"${PODS_PODFILE_DIR_PATH}/Podfile.lock\" \"${PODS_ROOT}/Manifest.lock\" > /dev/null\nif [ $? != 0 ] ; then\n    # print error to STDERR\n    echo \"error: The sandbox is not in sync with the Podfile.lock. Run 'pod install' or update your CocoaPods installation.\" >&2\n    exit 1\nfi\n# This output is used by Xcode 'outputs' to avoid re-running this script phase.\necho \"SUCCESS\" > \"${SCRIPT_OUTPUT_FILE_0}\"\n";
			showEnvVarsInLog = 0;
		};
/* End PBXShellScriptBuildPhase section */

/* Begin PBXSourcesBuildPhase section */
		17FC2F781E258FC500174015 /* Sources */ = {
			isa = PBXSourcesBuildPhase;
			buildActionMask = 2147483647;
			files = (
				17FC2FA31E25A5D000174015 /* ConfirmForgotPasswordViewController.swift in Sources */,
				70685CD0234FD66900D0562F /* ChannelConfigurationViewController.swift in Sources */,
				70B6B7E6235654BD006F9118 /* KVSSigner.swift in Sources */,
				70BE4671235F800B00322E33 /* Event.swift in Sources */,
				17FC2FA11E25A25900174015 /* ForgotPasswordViewController.swift in Sources */,
				17FC2F9D1E259E5D00174015 /* SignUpViewController.swift in Sources */,
				70BE46752360FC2F00322E33 /* WebRTCClient.swift in Sources */,
				17FC2F9F1E259F3200174015 /* ConfirmSignUpViewController.swift in Sources */,
				70BE4670235F800B00322E33 /* SignalingClient.swift in Sources */,
				17FC2F9B1E259E0500174015 /* Constants.swift in Sources */,
				70BE46732360E58600322E33 /* VideoViewController.swift in Sources */,
				17FC2F991E25940900174015 /* SignInViewController.swift in Sources */,
				70BE466F235F800B00322E33 /* Message.swift in Sources */,
				17FC2F971E25928900174015 /* MFAViewController.swift in Sources */,
				17FC2F801E258FC500174015 /* AppDelegate.swift in Sources */,
			);
			runOnlyForDeploymentPostprocessing = 0;
		};
/* End PBXSourcesBuildPhase section */

/* Begin XCBuildConfiguration section */
		17FC2F8C1E258FC500174015 /* Debug */ = {
			isa = XCBuildConfiguration;
			buildSettings = {
				ALWAYS_SEARCH_USER_PATHS = YES;
				CLANG_ANALYZER_LOCALIZABILITY_NONLOCALIZED = YES;
				CLANG_ANALYZER_NONNULL = YES;
				CLANG_CXX_LANGUAGE_STANDARD = "gnu++0x";
				CLANG_CXX_LIBRARY = "libc++";
				CLANG_ENABLE_MODULES = YES;
				CLANG_ENABLE_OBJC_ARC = YES;
				CLANG_WARN_BLOCK_CAPTURE_AUTORELEASING = YES;
				CLANG_WARN_BOOL_CONVERSION = YES;
				CLANG_WARN_COMMA = YES;
				CLANG_WARN_CONSTANT_CONVERSION = YES;
				CLANG_WARN_DEPRECATED_OBJC_IMPLEMENTATIONS = YES;
				CLANG_WARN_DIRECT_OBJC_ISA_USAGE = YES_ERROR;
				CLANG_WARN_EMPTY_BODY = YES;
				CLANG_WARN_ENUM_CONVERSION = YES;
				CLANG_WARN_INFINITE_RECURSION = YES;
				CLANG_WARN_INT_CONVERSION = YES;
				CLANG_WARN_NON_LITERAL_NULL_CONVERSION = YES;
				CLANG_WARN_OBJC_IMPLICIT_RETAIN_SELF = YES;
				CLANG_WARN_OBJC_LITERAL_CONVERSION = YES;
				CLANG_WARN_OBJC_ROOT_CLASS = YES_ERROR;
				CLANG_WARN_RANGE_LOOP_ANALYSIS = YES;
				CLANG_WARN_STRICT_PROTOTYPES = YES;
				CLANG_WARN_SUSPICIOUS_MOVE = YES;
				CLANG_WARN_UNREACHABLE_CODE = YES;
				CLANG_WARN__DUPLICATE_METHOD_MATCH = YES;
				"CODE_SIGN_IDENTITY[sdk=iphoneos*]" = "iPhone Developer";
				COPY_PHASE_STRIP = NO;
				DEBUG_INFORMATION_FORMAT = "dwarf-with-dsym";
				ENABLE_STRICT_OBJC_MSGSEND = YES;
				ENABLE_TESTABILITY = YES;
				GCC_C_LANGUAGE_STANDARD = gnu99;
				GCC_DYNAMIC_NO_PIC = NO;
				GCC_NO_COMMON_BLOCKS = YES;
				GCC_OPTIMIZATION_LEVEL = 0;
				GCC_PREPROCESSOR_DEFINITIONS = (
					"DEBUG=1",
					"$(inherited)",
				);
				GCC_WARN_64_TO_32_BIT_CONVERSION = YES;
				GCC_WARN_ABOUT_RETURN_TYPE = YES_ERROR;
				GCC_WARN_UNDECLARED_SELECTOR = YES;
				GCC_WARN_UNINITIALIZED_AUTOS = YES_AGGRESSIVE;
				GCC_WARN_UNUSED_FUNCTION = YES;
				GCC_WARN_UNUSED_VARIABLE = YES;
				IPHONEOS_DEPLOYMENT_TARGET = 9.0;
				MTL_ENABLE_DEBUG_INFO = YES;
				ONLY_ACTIVE_ARCH = YES;
				SDKROOT = iphoneos;
				SWIFT_OPTIMIZATION_LEVEL = "-Onone";
				TARGETED_DEVICE_FAMILY = "1,2";
				VALID_ARCHS = "arm64 armv7 armv7s arm64e";
			};
			name = Debug;
		};
		17FC2F8D1E258FC500174015 /* Release */ = {
			isa = XCBuildConfiguration;
			buildSettings = {
				ALWAYS_SEARCH_USER_PATHS = YES;
				CLANG_ANALYZER_LOCALIZABILITY_NONLOCALIZED = YES;
				CLANG_ANALYZER_NONNULL = YES;
				CLANG_CXX_LANGUAGE_STANDARD = "gnu++0x";
				CLANG_CXX_LIBRARY = "libc++";
				CLANG_ENABLE_MODULES = YES;
				CLANG_ENABLE_OBJC_ARC = YES;
				CLANG_WARN_BLOCK_CAPTURE_AUTORELEASING = YES;
				CLANG_WARN_BOOL_CONVERSION = YES;
				CLANG_WARN_COMMA = YES;
				CLANG_WARN_CONSTANT_CONVERSION = YES;
				CLANG_WARN_DEPRECATED_OBJC_IMPLEMENTATIONS = YES;
				CLANG_WARN_DIRECT_OBJC_ISA_USAGE = YES_ERROR;
				CLANG_WARN_EMPTY_BODY = YES;
				CLANG_WARN_ENUM_CONVERSION = YES;
				CLANG_WARN_INFINITE_RECURSION = YES;
				CLANG_WARN_INT_CONVERSION = YES;
				CLANG_WARN_NON_LITERAL_NULL_CONVERSION = YES;
				CLANG_WARN_OBJC_IMPLICIT_RETAIN_SELF = YES;
				CLANG_WARN_OBJC_LITERAL_CONVERSION = YES;
				CLANG_WARN_OBJC_ROOT_CLASS = YES_ERROR;
				CLANG_WARN_RANGE_LOOP_ANALYSIS = YES;
				CLANG_WARN_STRICT_PROTOTYPES = YES;
				CLANG_WARN_SUSPICIOUS_MOVE = YES;
				CLANG_WARN_UNREACHABLE_CODE = YES;
				CLANG_WARN__DUPLICATE_METHOD_MATCH = YES;
				"CODE_SIGN_IDENTITY[sdk=iphoneos*]" = "iPhone Developer";
				COPY_PHASE_STRIP = NO;
				DEBUG_INFORMATION_FORMAT = "dwarf-with-dsym";
				ENABLE_NS_ASSERTIONS = NO;
				ENABLE_STRICT_OBJC_MSGSEND = YES;
				ENABLE_TESTABILITY = NO;
				GCC_C_LANGUAGE_STANDARD = gnu99;
				GCC_NO_COMMON_BLOCKS = YES;
				GCC_WARN_64_TO_32_BIT_CONVERSION = YES;
				GCC_WARN_ABOUT_RETURN_TYPE = YES_ERROR;
				GCC_WARN_UNDECLARED_SELECTOR = YES;
				GCC_WARN_UNINITIALIZED_AUTOS = YES_AGGRESSIVE;
				GCC_WARN_UNUSED_FUNCTION = YES;
				GCC_WARN_UNUSED_VARIABLE = YES;
				IPHONEOS_DEPLOYMENT_TARGET = 9.0;
				MTL_ENABLE_DEBUG_INFO = NO;
				ONLY_ACTIVE_ARCH = YES;
				SDKROOT = iphoneos;
				SWIFT_OPTIMIZATION_LEVEL = "-Owholemodule";
				TARGETED_DEVICE_FAMILY = "1,2";
				VALIDATE_PRODUCT = YES;
				VALID_ARCHS = "arm64 armv7 armv7s arm64e";
			};
			name = Release;
		};
		17FC2F8F1E258FC500174015 /* Debug */ = {
			isa = XCBuildConfiguration;
			baseConfigurationReference = 5CEDD78F91254EA3F16DD0B6 /* Pods-KVSiOSApp.debug.xcconfig */;
			buildSettings = {
				ASSETCATALOG_COMPILER_APPICON_NAME = AppIcon;
				DEVELOPMENT_TEAM = F468TZWNT7;
				ENABLE_BITCODE = NO;
				FRAMEWORK_SEARCH_PATHS = (
					"$(inherited)",
					"$(PROJECT_DIR)",
					"$(PROJECT_DIR)/KVSiOSApp",
				);
				INFOPLIST_FILE = KVSiOSApp/Info.plist;
				LD_RUNPATH_SEARCH_PATHS = "$(inherited) @executable_path/Frameworks";
				LIBRARY_SEARCH_PATHS = (
					"$(inherited)",
					"$(PROJECT_DIR)",
				);
				ONLY_ACTIVE_ARCH = YES;
				OTHER_LDFLAGS = (
					"$(inherited)",
					"-ObjC",
					"-l\"sqlite3\"",
					"-l\"z\"",
					"-framework",
					"\"AWSCognitoIdentityProvider\"",
					"-framework",
					"\"AWSCognitoIdentityProviderASF\"",
					"-framework",
					"\"AWSCore\"",
					"-framework",
					"\"CoreGraphics\"",
					"-framework",
					"\"Foundation\"",
					"-framework",
					"\"Security\"",
					"-framework",
					"\"SystemConfiguration\"",
					"-framework",
					"\"UIKit\"",
					"-framework",
					AWSKinesisVideo,
				);
				PRODUCT_BUNDLE_IDENTIFIER = com.kinesisvideo.KVSiOSApp1;
				PRODUCT_NAME = "$(TARGET_NAME)";
				SWIFT_VERSION = 4.0;
				VALID_ARCHS = "armv7 arm64 armv7s";
			};
			name = Debug;
		};
		17FC2F901E258FC500174015 /* Release */ = {
			isa = XCBuildConfiguration;
			baseConfigurationReference = 1CA32A4747C6354FEB1E791C /* Pods-KVSiOSApp.release.xcconfig */;
			buildSettings = {
				ASSETCATALOG_COMPILER_APPICON_NAME = AppIcon;
				DEVELOPMENT_TEAM = F468TZWNT7;
				ENABLE_BITCODE = NO;
				FRAMEWORK_SEARCH_PATHS = (
					"$(inherited)",
					"$(PROJECT_DIR)",
					"$(PROJECT_DIR)/KVSiOSApp",
				);
				INFOPLIST_FILE = KVSiOSApp/Info.plist/Info.plist;
				LD_RUNPATH_SEARCH_PATHS = "$(inherited) @executable_path/Frameworks";
				LIBRARY_SEARCH_PATHS = (
					"$(inherited)",
					"$(PROJECT_DIR)",
				);
				ONLY_ACTIVE_ARCH = YES;
				OTHER_LDFLAGS = (
					"$(inherited)",
					"-ObjC",
					"-l\"sqlite3\"",
					"-l\"z\"",
					"-framework",
					"\"AWSCognitoIdentityProvider\"",
					"-framework",
					"\"AWSCognitoIdentityProviderASF\"",
					"-framework",
					"\"AWSCore\"",
					"-framework",
					"\"CoreGraphics\"",
					"-framework",
					"\"Foundation\"",
					"-framework",
					"\"Security\"",
					"-framework",
					"\"SystemConfiguration\"",
					"-framework",
					"\"UIKit\"",
					"-framework",
					AWSKinesisVideo,
				);
				PRODUCT_BUNDLE_IDENTIFIER = com.kinesisvideo.KVSiOSApp1;
				PRODUCT_NAME = "$(TARGET_NAME)";
				SWIFT_VERSION = 4.0;
				VALID_ARCHS = "armv7 arm64 armv7s";
			};
			name = Release;
		};
/* End XCBuildConfiguration section */

/* Begin XCConfigurationList section */
		17FC2F771E258FC500174015 /* Build configuration list for PBXProject "AWSKinesisVideoWebRTCDemoApp" */ = {
			isa = XCConfigurationList;
			buildConfigurations = (
				17FC2F8C1E258FC500174015 /* Debug */,
				17FC2F8D1E258FC500174015 /* Release */,
			);
			defaultConfigurationIsVisible = 0;
			defaultConfigurationName = Release;
		};
		17FC2F8E1E258FC500174015 /* Build configuration list for PBXNativeTarget "AWSKinesisVideoWebRTCDemoApp" */ = {
			isa = XCConfigurationList;
			buildConfigurations = (
				17FC2F8F1E258FC500174015 /* Debug */,
				17FC2F901E258FC500174015 /* Release */,
			);
			defaultConfigurationIsVisible = 0;
			defaultConfigurationName = Release;
		};
/* End XCConfigurationList section */
	};
	rootObject = 17FC2F741E258FC500174015 /* Project object */;
}
